
Microsoft Visual Studio Solution File, Format Version 12.00
# Visual Studio 15
VisualStudioVersion = 15.0.27323.2
MinimumVisualStudioVersion = 10.0.40219.1
Project("{FAE04EC0-301F-11D3-BF4B-00C04F79EFBC}") = "Mesaj.Android", "Mesaj\Mesaj.Android\Mesaj.Android.csproj", "{66862FF8-F735-4487-86DE-1BA35256B9CD}"
EndProject
Project("{FAE04EC0-301F-11D3-BF4B-00C04F79EFBC}") = "Mesaj.iOS", "Mesaj\Mesaj.iOS\Mesaj.iOS.csproj", "{035BC580-79CB-4AF7-9466-C7A243B9521B}"
EndProject
Project("{FAE04EC0-301F-11D3-BF4B-00C04F79EFBC}") = "Mesaj", "Mesaj\Mesaj\Mesaj.csproj", "{3D822F7A-908B-4A8B-A3A8-FAE5B62D2033}"
EndProject
Global
	GlobalSection(SolutionConfigurationPlatforms) = preSolution
		Ad-Hoc|Any CPU = Ad-Hoc|Any CPU
		Ad-Hoc|iPhone = Ad-Hoc|iPhone
		Ad-Hoc|iPhoneSimulator = Ad-Hoc|iPhoneSimulator
		AppStore|Any CPU = AppStore|Any CPU
		AppStore|iPhone = AppStore|iPhone
		AppStore|iPhoneSimulator = AppStore|iPhoneSimulator
		Debug|Any CPU = Debug|Any CPU
		Debug|iPhone = Debug|iPhone
		Debug|iPhoneSimulator = Debug|iPhoneSimulator
		Release|Any CPU = Release|Any CPU
		Release|iPhone = Release|iPhone
		Release|iPhoneSimulator = Release|iPhoneSimulator
	EndGlobalSection
	GlobalSection(ProjectConfigurationPlatforms) = postSolution
		{66862FF8-F735-4487-86DE-1BA35256B9CD}.Ad-Hoc|Any CPU.ActiveCfg = Release|Any CPU
		{66862FF8-F735-4487-86DE-1BA35256B9CD}.Ad-Hoc|Any CPU.Build.0 = Release|Any CPU
		{66862FF8-F735-4487-86DE-1BA35256B9CD}.Ad-Hoc|Any CPU.Deploy.0 = Release|Any CPU
		{66862FF8-F735-4487-86DE-1BA35256B9CD}.Ad-Hoc|iPhone.ActiveCfg = Release|Any CPU
		{66862FF8-F735-4487-86DE-1BA35256B9CD}.Ad-Hoc|iPhone.Build.0 = Release|Any CPU
		{66862FF8-F735-4487-86DE-1BA35256B9CD}.Ad-Hoc|iPhone.Deploy.0 = Release|Any CPU
		{66862FF8-F735-4487-86DE-1BA35256B9CD}.Ad-Hoc|iPhoneSimulator.ActiveCfg = Release|Any CPU
		{66862FF8-F735-4487-86DE-1BA35256B9CD}.Ad-Hoc|iPhoneSimulator.Build.0 = Release|Any CPU
		{66862FF8-F735-4487-86DE-1BA35256B9CD}.Ad-Hoc|iPhoneSimulator.Deploy.0 = Release|Any CPU
		{66862FF8-F735-4487-86DE-1BA35256B9CD}.AppStore|Any CPU.ActiveCfg = Release|Any CPU
		{66862FF8-F735-4487-86DE-1BA35256B9CD}.AppStore|Any CPU.Build.0 = Release|Any CPU
		{66862FF8-F735-4487-86DE-1BA35256B9CD}.AppStore|Any CPU.Deploy.0 = Release|Any CPU
		{66862FF8-F735-4487-86DE-1BA35256B9CD}.AppStore|iPhone.ActiveCfg = Release|Any CPU
		{66862FF8-F735-4487-86DE-1BA35256B9CD}.AppStore|iPhone.Build.0 = Release|Any CPU
		{66862FF8-F735-4487-86DE-1BA35256B9CD}.AppStore|iPhone.Deploy.0 = Release|Any CPU
		{66862FF8-F735-4487-86DE-1BA35256B9CD}.AppStore|iPhoneSimulator.ActiveCfg = Release|Any CPU
		{66862FF8-F735-4487-86DE-1BA35256B9CD}.AppStore|iPhoneSimulator.Build.0 = Release|Any CPU
		{66862FF8-F735-4487-86DE-1BA35256B9CD}.AppStore|iPhoneSimulator.Deploy.0 = Release|Any CPU
		{66862FF8-F735-4487-86DE-1BA35256B9CD}.Debug|Any CPU.ActiveCfg = Debug|Any CPU
		{66862FF8-F735-4487-86DE-1BA35256B9CD}.Debug|Any CPU.Build.0 = Debug|Any CPU
		{66862FF8-F735-4487-86DE-1BA35256B9CD}.Debug|Any CPU.Deploy.0 = Debug|Any CPU
		{66862FF8-F735-4487-86DE-1BA35256B9CD}.Debug|iPhone.ActiveCfg = Debug|Any CPU
		{66862FF8-F735-4487-86DE-1BA35256B9CD}.Debug|iPhone.Build.0 = Debug|Any CPU
		{66862FF8-F735-4487-86DE-1BA35256B9CD}.Debug|iPhone.Deploy.0 = Debug|Any CPU
		{66862FF8-F735-4487-86DE-1BA35256B9CD}.Debug|iPhoneSimulator.ActiveCfg = Debug|Any CPU
		{66862FF8-F735-4487-86DE-1BA35256B9CD}.Debug|iPhoneSimulator.Build.0 = Debug|Any CPU
		{66862FF8-F735-4487-86DE-1BA35256B9CD}.Debug|iPhoneSimulator.Deploy.0 = Debug|Any CPU
		{66862FF8-F735-4487-86DE-1BA35256B9CD}.Release|Any CPU.ActiveCfg = Release|Any CPU
		{66862FF8-F735-4487-86DE-1BA35256B9CD}.Release|Any CPU.Build.0 = Release|Any CPU
		{66862FF8-F735-4487-86DE-1BA35256B9CD}.Release|Any CPU.Deploy.0 = Release|Any CPU
		{66862FF8-F735-4487-86DE-1BA35256B9CD}.Release|iPhone.ActiveCfg = Release|Any CPU
		{66862FF8-F735-4487-86DE-1BA35256B9CD}.Release|iPhone.Build.0 = Release|Any CPU
		{66862FF8-F735-4487-86DE-1BA35256B9CD}.Release|iPhone.Deploy.0 = Release|Any CPU
		{66862FF8-F735-4487-86DE-1BA35256B9CD}.Release|iPhoneSimulator.ActiveCfg = Release|Any CPU
		{66862FF8-F735-4487-86DE-1BA35256B9CD}.Release|iPhoneSimulator.Build.0 = Release|Any CPU
		{66862FF8-F735-4487-86DE-1BA35256B9CD}.Release|iPhoneSimulator.Deploy.0 = Release|Any CPU
		{035BC580-79CB-4AF7-9466-C7A243B9521B}.Ad-Hoc|Any CPU.ActiveCfg = Ad-Hoc|iPhone
		{035BC580-79CB-4AF7-9466-C7A243B9521B}.Ad-Hoc|iPhone.ActiveCfg = Ad-Hoc|iPhone
		{035BC580-79CB-4AF7-9466-C7A243B9521B}.Ad-Hoc|iPhone.Build.0 = Ad-Hoc|iPhone
		{035BC580-79CB-4AF7-9466-C7A243B9521B}.Ad-Hoc|iPhoneSimulator.ActiveCfg = Ad-Hoc|iPhoneSimulator
		{035BC580-79CB-4AF7-9466-C7A243B9521B}.Ad-Hoc|iPhoneSimulator.Build.0 = Ad-Hoc|iPhoneSimulator
		{035BC580-79CB-4AF7-9466-C7A243B9521B}.AppStore|Any CPU.ActiveCfg = AppStore|iPhone
		{035BC580-79CB-4AF7-9466-C7A243B9521B}.AppStore|iPhone.ActiveCfg = AppStore|iPhone
		{035BC580-79CB-4AF7-9466-C7A243B9521B}.AppStore|iPhone.Build.0 = AppStore|iPhone
		{035BC580-79CB-4AF7-9466-C7A243B9521B}.AppStore|iPhoneSimulator.ActiveCfg = AppStore|iPhoneSimulator
		{035BC580-79CB-4AF7-9466-C7A243B9521B}.AppStore|iPhoneSimulator.Build.0 = AppStore|iPhoneSimulator
		{035BC580-79CB-4AF7-9466-C7A243B9521B}.Debug|Any CPU.ActiveCfg = Debug|iPhone
		{035BC580-79CB-4AF7-9466-C7A243B9521B}.Debug|iPhone.ActiveCfg = Debug|iPhone
		{035BC580-79CB-4AF7-9466-C7A243B9521B}.Debug|iPhone.Build.0 = Debug|iPhone
		{035BC580-79CB-4AF7-9466-C7A243B9521B}.Debug|iPhoneSimulator.ActiveCfg = Debug|iPhoneSimulator
		{035BC580-79CB-4AF7-9466-C7A243B9521B}.Debug|iPhoneSimulator.Build.0 = Debug|iPhoneSimulator
		{035BC580-79CB-4AF7-9466-C7A243B9521B}.Release|Any CPU.ActiveCfg = Release|iPhone
		{035BC580-79CB-4AF7-9466-C7A243B9521B}.Release|iPhone.ActiveCfg = Release|iPhone
		{035BC580-79CB-4AF7-9466-C7A243B9521B}.Release|iPhone.Build.0 = Release|iPhone
		{035BC580-79CB-4AF7-9466-C7A243B9521B}.Release|iPhoneSimulator.ActiveCfg = Release|iPhoneSimulator
		{035BC580-79CB-4AF7-9466-C7A243B9521B}.Release|iPhoneSimulator.Build.0 = Release|iPhoneSimulator
		{3D822F7A-908B-4A8B-A3A8-FAE5B62D2033}.Ad-Hoc|Any CPU.ActiveCfg = Debug|Any CPU
		{3D822F7A-908B-4A8B-A3A8-FAE5B62D2033}.Ad-Hoc|Any CPU.Build.0 = Debug|Any CPU
		{3D822F7A-908B-4A8B-A3A8-FAE5B62D2033}.Ad-Hoc|iPhone.ActiveCfg = Debug|Any CPU
		{3D822F7A-908B-4A8B-A3A8-FAE5B62D2033}.Ad-Hoc|iPhone.Build.0 = Debug|Any CPU
		{3D822F7A-908B-4A8B-A3A8-FAE5B62D2033}.Ad-Hoc|iPhoneSimulator.ActiveCfg = Debug|Any CPU
		{3D822F7A-908B-4A8B-A3A8-FAE5B62D2033}.Ad-Hoc|iPhoneSimulator.Build.0 = Debug|Any CPU
		{3D822F7A-908B-4A8B-A3A8-FAE5B62D2033}.AppStore|Any CPU.ActiveCfg = Debug|Any CPU
		{3D822F7A-908B-4A8B-A3A8-FAE5B62D2033}.AppStore|Any CPU.Build.0 = Debug|Any CPU
		{3D822F7A-908B-4A8B-A3A8-FAE5B62D2033}.AppStore|iPhone.ActiveCfg = Debug|Any CPU
		{3D822F7A-908B-4A8B-A3A8-FAE5B62D2033}.AppStore|iPhone.Build.0 = Debug|Any CPU
		{3D822F7A-908B-4A8B-A3A8-FAE5B62D2033}.AppStore|iPhoneSimulator.ActiveCfg = Debug|Any CPU
		{3D822F7A-908B-4A8B-A3A8-FAE5B62D2033}.AppStore|iPhoneSimulator.Build.0 = Debug|Any CPU
		{3D822F7A-908B-4A8B-A3A8-FAE5B62D2033}.Debug|Any CPU.ActiveCfg = Debug|Any CPU
		{3D822F7A-908B-4A8B-A3A8-FAE5B62D2033}.Debug|Any CPU.Build.0 = Debug|Any CPU
		{3D822F7A-908B-4A8B-A3A8-FAE5B62D2033}.Debug|iPhone.ActiveCfg = Debug|Any CPU
		{3D822F7A-908B-4A8B-A3A8-FAE5B62D2033}.Debug|iPhone.Build.0 = Debug|Any CPU
		{3D822F7A-908B-4A8B-A3A8-FAE5B62D2033}.Debug|iPhoneSimulator.ActiveCfg = Debug|Any CPU
		{3D822F7A-908B-4A8B-A3A8-FAE5B62D2033}.Debug|iPhoneSimulator.Build.0 = Debug|Any CPU
		{3D822F7A-908B-4A8B-A3A8-FAE5B62D2033}.Release|Any CPU.ActiveCfg = Release|Any CPU
		{3D822F7A-908B-4A8B-A3A8-FAE5B62D2033}.Release|Any CPU.Build.0 = Release|Any CPU
		{3D822F7A-908B-4A8B-A3A8-FAE5B62D2033}.Release|iPhone.ActiveCfg = Release|Any CPU
		{3D822F7A-908B-4A8B-A3A8-FAE5B62D2033}.Release|iPhone.Build.0 = Release|Any CPU
		{3D822F7A-908B-4A8B-A3A8-FAE5B62D2033}.Release|iPhoneSimulator.ActiveCfg = Release|Any CPU
		{3D822F7A-908B-4A8B-A3A8-FAE5B62D2033}.Release|iPhoneSimulator.Build.0 = Release|Any CPU
	EndGlobalSection
	GlobalSection(SolutionProperties) = preSolution
		HideSolutionNode = FALSE
	EndGlobalSection
	GlobalSection(ExtensibilityGlobals) = postSolution
		SolutionGuid = {F0438647-71D7-4E5D-97DE-D92E628B6FC3}
	EndGlobalSection
EndGlobal
